
Microsoft Visual Studio Solution File, Format Version 12.00
# Visual Studio Version 17
VisualStudioVersion = 17.5.33516.290
MinimumVisualStudioVersion = 10.0.40219.1
Project("{FAE04EC0-301F-11D3-BF4B-00C04F79EFBC}") = "ProductTransferService", "ProductTransferService\ProductTransferService.csproj", "{ED361972-F2CB-4B5A-BCB3-12EE12688551}"
EndProject
Project("{FAE04EC0-301F-11D3-BF4B-00C04F79EFBC}") = "UnitTestProject", "UnitTestProject\UnitTestProject.csproj", "{50273EFB-22F7-42ED-A9E4-DE059F30A6EF}"
EndProject
Project("{9A19103F-16F7-4668-BE54-9A1E7A4F7556}") = "JxBackendServiceStd", "..\..\..\Lib\JxBackendServiceLibrary\JxBackendServiceStd\JxBackendServiceStd.csproj", "{1DF4A7D5-765E-41F4-8835-545585ECB110}"
EndProject
Project("{FAE04EC0-301F-11D3-BF4B-00C04F79EFBC}") = "JxBackendServiceNF", "..\..\..\Lib\JxBackendServiceLibrary\JxBackendServiceNF\JxBackendServiceNF.csproj", "{94711936-F1D0-43E6-900E-8C413C9A7A88}"
EndProject
Global
	GlobalSection(SolutionConfigurationPlatforms) = preSolution
		Debug|Any CPU = Debug|Any CPU
		Release|Any CPU = Release|Any CPU
	EndGlobalSection
	GlobalSection(ProjectConfigurationPlatforms) = postSolution
		{ED361972-F2CB-4B5A-BCB3-12EE12688551}.Debug|Any CPU.ActiveCfg = Debug|Any CPU
		{ED361972-F2CB-4B5A-BCB3-12EE12688551}.Debug|Any CPU.Build.0 = Debug|Any CPU
		{ED361972-F2CB-4B5A-BCB3-12EE12688551}.Release|Any CPU.ActiveCfg = Release|Any CPU
		{ED361972-F2CB-4B5A-BCB3-12EE12688551}.Release|Any CPU.Build.0 = Release|Any CPU
		{50273EFB-22F7-42ED-A9E4-DE059F30A6EF}.Debug|Any CPU.ActiveCfg = Debug|Any CPU
		{50273EFB-22F7-42ED-A9E4-DE059F30A6EF}.Debug|Any CPU.Build.0 = Debug|Any CPU
		{50273EFB-22F7-42ED-A9E4-DE059F30A6EF}.Release|Any CPU.ActiveCfg = Release|Any CPU
		{50273EFB-22F7-42ED-A9E4-DE059F30A6EF}.Release|Any CPU.Build.0 = Release|Any CPU
		{1DF4A7D5-765E-41F4-8835-545585ECB110}.Debug|Any CPU.ActiveCfg = Debug|Any CPU
		{1DF4A7D5-765E-41F4-8835-545585ECB110}.Debug|Any CPU.Build.0 = Debug|Any CPU
		{1DF4A7D5-765E-41F4-8835-545585ECB110}.Release|Any CPU.ActiveCfg = Release|Any CPU
		{1DF4A7D5-765E-41F4-8835-545585ECB110}.Release|Any CPU.Build.0 = Release|Any CPU
		{94711936-F1D0-43E6-900E-8C413C9A7A88}.Debug|Any CPU.ActiveCfg = Debug|Any CPU
		{94711936-F1D0-43E6-900E-8C413C9A7A88}.Debug|Any CPU.Build.0 = Debug|Any CPU
		{94711936-F1D0-43E6-900E-8C413C9A7A88}.Release|Any CPU.ActiveCfg = Release|Any CPU
		{94711936-F1D0-43E6-900E-8C413C9A7A88}.Release|Any CPU.Build.0 = Release|Any CPU
	EndGlobalSection
	GlobalSection(SolutionProperties) = preSolution
		HideSolutionNode = FALSE
	EndGlobalSection
	GlobalSection(ExtensibilityGlobals) = postSolution
		SolutionGuid = {B3A0DF89-E33B-4648-AD0E-7F0E3027A0B8}
	EndGlobalSection
EndGlobal
