
Microsoft Visual Studio Solution File, Format Version 12.00
# Visual Studio Version 17
VisualStudioVersion = 17.5.33530.505
MinimumVisualStudioVersion = 10.0.40219.1
Project("{FAE04EC0-301F-11D3-BF4B-00C04F79EFBC}") = "IMPTTransferService", "IMPTTransferService\IMPTTransferService.csproj", "{FA280D08-4467-4A25-B67E-96E945294A8B}"
EndProject
Project("{FAE04EC0-301F-11D3-BF4B-00C04F79EFBC}") = "IMPTDataBase", "IMPTDataBase\IMPTDataBase.csproj", "{5FE4C57F-4B10-494A-A93C-0A9A470F43D0}"
EndProject
Project("{FAE04EC0-301F-11D3-BF4B-00C04F79EFBC}") = "IMPTUnitTest", "IMPTUnitTest\IMPTUnitTest.csproj", "{E5979129-EC60-4F24-B1FB-06CDE5D0F7EA}"
EndProject
Project("{FAE04EC0-301F-11D3-BF4B-00C04F79EFBC}") = "JxBackendServiceNF", "..\..\..\Lib\JxBackendServiceLibrary\JxBackendServiceNF\JxBackendServiceNF.csproj", "{94711936-F1D0-43E6-900E-8C413C9A7A88}"
EndProject
Project("{9A19103F-16F7-4668-BE54-9A1E7A4F7556}") = "JxBackendServiceStd", "..\..\..\Lib\JxBackendServiceLibrary\JxBackendServiceStd\JxBackendServiceStd.csproj", "{91B9B846-9B95-4732-8F5D-8189E1B195CE}"
EndProject
Global
	GlobalSection(SolutionConfigurationPlatforms) = preSolution
		Debug|Any CPU = Debug|Any CPU
		Release|Any CPU = Release|Any CPU
	EndGlobalSection
	GlobalSection(ProjectConfigurationPlatforms) = postSolution
		{FA280D08-4467-4A25-B67E-96E945294A8B}.Debug|Any CPU.ActiveCfg = Debug|Any CPU
		{FA280D08-4467-4A25-B67E-96E945294A8B}.Debug|Any CPU.Build.0 = Debug|Any CPU
		{FA280D08-4467-4A25-B67E-96E945294A8B}.Release|Any CPU.ActiveCfg = Release|Any CPU
		{FA280D08-4467-4A25-B67E-96E945294A8B}.Release|Any CPU.Build.0 = Release|Any CPU
		{5FE4C57F-4B10-494A-A93C-0A9A470F43D0}.Debug|Any CPU.ActiveCfg = Debug|Any CPU
		{5FE4C57F-4B10-494A-A93C-0A9A470F43D0}.Debug|Any CPU.Build.0 = Debug|Any CPU
		{5FE4C57F-4B10-494A-A93C-0A9A470F43D0}.Release|Any CPU.ActiveCfg = Release|Any CPU
		{5FE4C57F-4B10-494A-A93C-0A9A470F43D0}.Release|Any CPU.Build.0 = Release|Any CPU
		{E5979129-EC60-4F24-B1FB-06CDE5D0F7EA}.Debug|Any CPU.ActiveCfg = Debug|Any CPU
		{E5979129-EC60-4F24-B1FB-06CDE5D0F7EA}.Debug|Any CPU.Build.0 = Debug|Any CPU
		{E5979129-EC60-4F24-B1FB-06CDE5D0F7EA}.Release|Any CPU.ActiveCfg = Release|Any CPU
		{E5979129-EC60-4F24-B1FB-06CDE5D0F7EA}.Release|Any CPU.Build.0 = Release|Any CPU
		{94711936-F1D0-43E6-900E-8C413C9A7A88}.Debug|Any CPU.ActiveCfg = Debug|Any CPU
		{94711936-F1D0-43E6-900E-8C413C9A7A88}.Debug|Any CPU.Build.0 = Debug|Any CPU
		{94711936-F1D0-43E6-900E-8C413C9A7A88}.Release|Any CPU.ActiveCfg = Release|Any CPU
		{94711936-F1D0-43E6-900E-8C413C9A7A88}.Release|Any CPU.Build.0 = Release|Any CPU
		{91B9B846-9B95-4732-8F5D-8189E1B195CE}.Debug|Any CPU.ActiveCfg = Debug|Any CPU
		{91B9B846-9B95-4732-8F5D-8189E1B195CE}.Debug|Any CPU.Build.0 = Debug|Any CPU
		{91B9B846-9B95-4732-8F5D-8189E1B195CE}.Release|Any CPU.ActiveCfg = Release|Any CPU
		{91B9B846-9B95-4732-8F5D-8189E1B195CE}.Release|Any CPU.Build.0 = Release|Any CPU
	EndGlobalSection
	GlobalSection(SolutionProperties) = preSolution
		HideSolutionNode = FALSE
	EndGlobalSection
	GlobalSection(ExtensibilityGlobals) = postSolution
		SolutionGuid = {780CABB5-7353-4057-9D37-D8BE10F39C52}
	EndGlobalSection
EndGlobal
