
Microsoft Visual Studio Solution File, Format Version 12.00
# Visual Studio Version 17
VisualStudioVersion = 17.4.33205.214
MinimumVisualStudioVersion = 10.0.40219.1
Project("{9A19103F-16F7-4668-BE54-9A1E7A4F7556}") = "JxBackendServiceStd", "..\..\Lib\JxBackendServiceLibrary\JxBackendServiceStd\JxBackendServiceStd.csproj", "{E88408C4-2D2F-47A3-AD7E-57A173B8427F}"
EndProject
Project("{9A19103F-16F7-4668-BE54-9A1E7A4F7556}") = "MobileApiCreateSign", "MobileApiCreateSign.csproj", "{9AD3337C-C9DA-47D6-875A-74D757DD5C82}"
	ProjectSection(ProjectDependencies) = postProject
		{E88408C4-2D2F-47A3-AD7E-57A173B8427F} = {E88408C4-2D2F-47A3-AD7E-57A173B8427F}
	EndProjectSection
EndProject
Global
	GlobalSection(SolutionConfigurationPlatforms) = preSolution
		Debug|Any CPU = Debug|Any CPU
		Release|Any CPU = Release|Any CPU
	EndGlobalSection
	GlobalSection(ProjectConfigurationPlatforms) = postSolution
		{E88408C4-2D2F-47A3-AD7E-57A173B8427F}.Debug|Any CPU.ActiveCfg = Debug|Any CPU
		{E88408C4-2D2F-47A3-AD7E-57A173B8427F}.Debug|Any CPU.Build.0 = Debug|Any CPU
		{E88408C4-2D2F-47A3-AD7E-57A173B8427F}.Release|Any CPU.ActiveCfg = Release|Any CPU
		{E88408C4-2D2F-47A3-AD7E-57A173B8427F}.Release|Any CPU.Build.0 = Release|Any CPU
		{9AD3337C-C9DA-47D6-875A-74D757DD5C82}.Debug|Any CPU.ActiveCfg = Debug|Any CPU
		{9AD3337C-C9DA-47D6-875A-74D757DD5C82}.Debug|Any CPU.Build.0 = Debug|Any CPU
		{9AD3337C-C9DA-47D6-875A-74D757DD5C82}.Release|Any CPU.ActiveCfg = Release|Any CPU
		{9AD3337C-C9DA-47D6-875A-74D757DD5C82}.Release|Any CPU.Build.0 = Release|Any CPU
	EndGlobalSection
	GlobalSection(SolutionProperties) = preSolution
		HideSolutionNode = FALSE
	EndGlobalSection
	GlobalSection(ExtensibilityGlobals) = postSolution
		SolutionGuid = {86203DCE-BAEB-49E6-B0F6-081602BD107F}
	EndGlobalSection
EndGlobal
