
Microsoft Visual Studio Solution File, Format Version 12.00
# Visual Studio Version 17
VisualStudioVersion = 17.5.33530.505
MinimumVisualStudioVersion = 10.0.40219.1
Project("{FAE04EC0-301F-11D3-BF4B-00C04F79EFBC}") = "IMTransferService", "IMTransferService\IMTransferService.csproj", "{EA59AC0A-F10A-4AA7-B96E-9D5002A6A5F7}"
EndProject
Project("{FAE04EC0-301F-11D3-BF4B-00C04F79EFBC}") = "IMDataBase", "IMDataBase\IMDataBase.csproj", "{D049D09A-5713-4266-AF06-E2683FA82291}"
EndProject
Project("{FAE04EC0-301F-11D3-BF4B-00C04F79EFBC}") = "IMUnitTest", "IMUnitTest\IMUnitTest.csproj", "{D3448A7F-2C6E-4971-9D56-2F49568AA175}"
EndProject
Project("{FAE04EC0-301F-11D3-BF4B-00C04F79EFBC}") = "JxBackendServiceNF", "..\..\..\Lib\JxBackendServiceLibrary\JxBackendServiceNF\JxBackendServiceNF.csproj", "{94711936-F1D0-43E6-900E-8C413C9A7A88}"
EndProject
Project("{9A19103F-16F7-4668-BE54-9A1E7A4F7556}") = "JxBackendServiceStd", "..\..\..\Lib\JxBackendServiceLibrary\JxBackendServiceStd\JxBackendServiceStd.csproj", "{C8317546-4B6D-46C8-BB13-36C79B67BFA4}"
EndProject
Global
	GlobalSection(SolutionConfigurationPlatforms) = preSolution
		Debug|Any CPU = Debug|Any CPU
		Release|Any CPU = Release|Any CPU
	EndGlobalSection
	GlobalSection(ProjectConfigurationPlatforms) = postSolution
		{EA59AC0A-F10A-4AA7-B96E-9D5002A6A5F7}.Debug|Any CPU.ActiveCfg = Debug|Any CPU
		{EA59AC0A-F10A-4AA7-B96E-9D5002A6A5F7}.Debug|Any CPU.Build.0 = Debug|Any CPU
		{EA59AC0A-F10A-4AA7-B96E-9D5002A6A5F7}.Release|Any CPU.ActiveCfg = Release|Any CPU
		{EA59AC0A-F10A-4AA7-B96E-9D5002A6A5F7}.Release|Any CPU.Build.0 = Release|Any CPU
		{D049D09A-5713-4266-AF06-E2683FA82291}.Debug|Any CPU.ActiveCfg = Debug|Any CPU
		{D049D09A-5713-4266-AF06-E2683FA82291}.Debug|Any CPU.Build.0 = Debug|Any CPU
		{D049D09A-5713-4266-AF06-E2683FA82291}.Release|Any CPU.ActiveCfg = Release|Any CPU
		{D049D09A-5713-4266-AF06-E2683FA82291}.Release|Any CPU.Build.0 = Release|Any CPU
		{D3448A7F-2C6E-4971-9D56-2F49568AA175}.Debug|Any CPU.ActiveCfg = Debug|Any CPU
		{D3448A7F-2C6E-4971-9D56-2F49568AA175}.Debug|Any CPU.Build.0 = Debug|Any CPU
		{D3448A7F-2C6E-4971-9D56-2F49568AA175}.Release|Any CPU.ActiveCfg = Release|Any CPU
		{D3448A7F-2C6E-4971-9D56-2F49568AA175}.Release|Any CPU.Build.0 = Release|Any CPU
		{94711936-F1D0-43E6-900E-8C413C9A7A88}.Debug|Any CPU.ActiveCfg = Debug|Any CPU
		{94711936-F1D0-43E6-900E-8C413C9A7A88}.Debug|Any CPU.Build.0 = Debug|Any CPU
		{94711936-F1D0-43E6-900E-8C413C9A7A88}.Release|Any CPU.ActiveCfg = Release|Any CPU
		{94711936-F1D0-43E6-900E-8C413C9A7A88}.Release|Any CPU.Build.0 = Release|Any CPU
		{C8317546-4B6D-46C8-BB13-36C79B67BFA4}.Debug|Any CPU.ActiveCfg = Debug|Any CPU
		{C8317546-4B6D-46C8-BB13-36C79B67BFA4}.Debug|Any CPU.Build.0 = Debug|Any CPU
		{C8317546-4B6D-46C8-BB13-36C79B67BFA4}.Release|Any CPU.ActiveCfg = Release|Any CPU
		{C8317546-4B6D-46C8-BB13-36C79B67BFA4}.Release|Any CPU.Build.0 = Release|Any CPU
	EndGlobalSection
	GlobalSection(SolutionProperties) = preSolution
		HideSolutionNode = FALSE
	EndGlobalSection
	GlobalSection(ExtensibilityGlobals) = postSolution
		SolutionGuid = {C112874C-2352-4F62-B0B3-074DD2E1473C}
	EndGlobalSection
EndGlobal
