
Microsoft Visual Studio Solution File, Format Version 12.00
# Visual Studio Version 17
VisualStudioVersion = 17.8.34330.188
MinimumVisualStudioVersion = 10.0.40219.1
Project("{FAE04EC0-301F-11D3-BF4B-00C04F79EFBC}") = "QATBetLogTransferApp", "QATBetLogTransferApp.csproj", "{21842E23-7548-4A0E-9F17-A5CEDF1D3AE1}"
EndProject
Global
	GlobalSection(SolutionConfigurationPlatforms) = preSolution
		Debug|Any CPU = Debug|Any CPU
		Release|Any CPU = Release|Any CPU
	EndGlobalSection
	GlobalSection(ProjectConfigurationPlatforms) = postSolution
		{21842E23-7548-4A0E-9F17-A5CEDF1D3AE1}.Debug|Any CPU.ActiveCfg = Debug|Any CPU
		{21842E23-7548-4A0E-9F17-A5CEDF1D3AE1}.Debug|Any CPU.Build.0 = Debug|Any CPU
		{21842E23-7548-4A0E-9F17-A5CEDF1D3AE1}.Release|Any CPU.ActiveCfg = Release|Any CPU
		{21842E23-7548-4A0E-9F17-A5CEDF1D3AE1}.Release|Any CPU.Build.0 = Release|Any CPU
	EndGlobalSection
	GlobalSection(SolutionProperties) = preSolution
		HideSolutionNode = FALSE
	EndGlobalSection
	GlobalSection(ExtensibilityGlobals) = postSolution
		SolutionGuid = {EF36CCBB-A13E-4865-8097-60498F6D9BE7}
	EndGlobalSection
EndGlobal
